
Microsoft Visual Studio Solution File, Format Version 12.00
# Visual Studio Version 16
VisualStudioVersion = 16.0.30503.244
MinimumVisualStudioVersion = 10.0.40219.1
Project("{FAE04EC0-301F-11D3-BF4B-00C04F79EFBC}") = "StateMachine", "StateMachine\StateMachine.csproj", "{9CE054EE-498B-4F8D-B3BC-1A27EEB4C68B}"
EndProject
Global
	GlobalSection(SolutionConfigurationPlatforms) = preSolution
		Debug|Any CPU = Debug|Any CPU
		Release|Any CPU = Release|Any CPU
	EndGlobalSection
	GlobalSection(ProjectConfigurationPlatforms) = postSolution
		{9CE054EE-498B-4F8D-B3BC-1A27EEB4C68B}.Debug|Any CPU.ActiveCfg = Debug|Any CPU
		{9CE054EE-498B-4F8D-B3BC-1A27EEB4C68B}.Debug|Any CPU.Build.0 = Debug|Any CPU
		{9CE054EE-498B-4F8D-B3BC-1A27EEB4C68B}.Release|Any CPU.ActiveCfg = Release|Any CPU
		{9CE054EE-498B-4F8D-B3BC-1A27EEB4C68B}.Release|Any CPU.Build.0 = Release|Any CPU
	EndGlobalSection
	GlobalSection(SolutionProperties) = preSolution
		HideSolutionNode = FALSE
	EndGlobalSection
	GlobalSection(ExtensibilityGlobals) = postSolution
		SolutionGuid = {46E4215C-47E2-4779-AE5A-5A766ED1D81E}
	EndGlobalSection
EndGlobal
